
Microsoft Visual Studio Solution File, Format Version 12.00
# Visual Studio 14
VisualStudioVersion = 14.0.25420.1
MinimumVisualStudioVersion = 10.0.40219.1
Project("{FAE04EC0-301F-11D3-BF4B-00C04F79EFBC}") = "BBS", "BBS\BBS.csproj", "{A4C24383-27F4-4FDF-9B29-408192F16A50}"
EndProject
Project("{FAE04EC0-301F-11D3-BF4B-00C04F79EFBC}") = "BBS.Infrastructure", "BBS.Infrastructure\BBS.Infrastructure.csproj", "{43566705-AF8A-4605-9E28-AC237FE0B593}"
EndProject
Global
	GlobalSection(SolutionConfigurationPlatforms) = preSolution
		Debug|Any CPU = Debug|Any CPU
		Release|Any CPU = Release|Any CPU
	EndGlobalSection
	GlobalSection(ProjectConfigurationPlatforms) = postSolution
		{A4C24383-27F4-4FDF-9B29-408192F16A50}.Debug|Any CPU.ActiveCfg = Debug|Any CPU
		{A4C24383-27F4-4FDF-9B29-408192F16A50}.Debug|Any CPU.Build.0 = Debug|Any CPU
		{A4C24383-27F4-4FDF-9B29-408192F16A50}.Release|Any CPU.ActiveCfg = Release|Any CPU
		{A4C24383-27F4-4FDF-9B29-408192F16A50}.Release|Any CPU.Build.0 = Release|Any CPU
		{43566705-AF8A-4605-9E28-AC237FE0B593}.Debug|Any CPU.ActiveCfg = Debug|Any CPU
		{43566705-AF8A-4605-9E28-AC237FE0B593}.Debug|Any CPU.Build.0 = Debug|Any CPU
		{43566705-AF8A-4605-9E28-AC237FE0B593}.Release|Any CPU.ActiveCfg = Release|Any CPU
		{43566705-AF8A-4605-9E28-AC237FE0B593}.Release|Any CPU.Build.0 = Release|Any CPU
	EndGlobalSection
	GlobalSection(SolutionProperties) = preSolution
		HideSolutionNode = FALSE
	EndGlobalSection
EndGlobal
